
Microsoft Visual Studio Solution File, Format Version 12.00
# Visual Studio 15
VisualStudioVersion = 15.0.26124.0
MinimumVisualStudioVersion = 15.0.26124.0
Project("{2150E333-8FDC-42A3-9474-1A3956D46DE8}") = "src", "src", "{7E41BD03-E8CC-462F-8CF2-7762EC451E0B}"
EndProject
Project("{FAE04EC0-301F-11D3-BF4B-00C04F79EFBC}") = "rover", "src\rover\rover.csproj", "{92321F3E-8CDE-42A8-B1CA-92AC1CCE55BD}"
EndProject
Project("{2150E333-8FDC-42A3-9474-1A3956D46DE8}") = "test", "test", "{1D46620E-A9A2-405B-A057-0C5430BD6A10}"
EndProject
Project("{FAE04EC0-301F-11D3-BF4B-00C04F79EFBC}") = "rovertest", "test\rovertest\rovertest.csproj", "{25DF3F92-5BFD-469E-B446-241D92CF2E9C}"
EndProject
Global
	GlobalSection(SolutionConfigurationPlatforms) = preSolution
		Debug|Any CPU = Debug|Any CPU
		Debug|x64 = Debug|x64
		Debug|x86 = Debug|x86
		Release|Any CPU = Release|Any CPU
		Release|x64 = Release|x64
		Release|x86 = Release|x86
	EndGlobalSection
	GlobalSection(SolutionProperties) = preSolution
		HideSolutionNode = FALSE
	EndGlobalSection
	GlobalSection(ProjectConfigurationPlatforms) = postSolution
		{92321F3E-8CDE-42A8-B1CA-92AC1CCE55BD}.Debug|Any CPU.ActiveCfg = Debug|Any CPU
		{92321F3E-8CDE-42A8-B1CA-92AC1CCE55BD}.Debug|Any CPU.Build.0 = Debug|Any CPU
		{92321F3E-8CDE-42A8-B1CA-92AC1CCE55BD}.Debug|x64.ActiveCfg = Debug|Any CPU
		{92321F3E-8CDE-42A8-B1CA-92AC1CCE55BD}.Debug|x64.Build.0 = Debug|Any CPU
		{92321F3E-8CDE-42A8-B1CA-92AC1CCE55BD}.Debug|x86.ActiveCfg = Debug|Any CPU
		{92321F3E-8CDE-42A8-B1CA-92AC1CCE55BD}.Debug|x86.Build.0 = Debug|Any CPU
		{92321F3E-8CDE-42A8-B1CA-92AC1CCE55BD}.Release|Any CPU.ActiveCfg = Release|Any CPU
		{92321F3E-8CDE-42A8-B1CA-92AC1CCE55BD}.Release|Any CPU.Build.0 = Release|Any CPU
		{92321F3E-8CDE-42A8-B1CA-92AC1CCE55BD}.Release|x64.ActiveCfg = Release|Any CPU
		{92321F3E-8CDE-42A8-B1CA-92AC1CCE55BD}.Release|x64.Build.0 = Release|Any CPU
		{92321F3E-8CDE-42A8-B1CA-92AC1CCE55BD}.Release|x86.ActiveCfg = Release|Any CPU
		{92321F3E-8CDE-42A8-B1CA-92AC1CCE55BD}.Release|x86.Build.0 = Release|Any CPU
		{25DF3F92-5BFD-469E-B446-241D92CF2E9C}.Debug|Any CPU.ActiveCfg = Debug|Any CPU
		{25DF3F92-5BFD-469E-B446-241D92CF2E9C}.Debug|Any CPU.Build.0 = Debug|Any CPU
		{25DF3F92-5BFD-469E-B446-241D92CF2E9C}.Debug|x64.ActiveCfg = Debug|Any CPU
		{25DF3F92-5BFD-469E-B446-241D92CF2E9C}.Debug|x64.Build.0 = Debug|Any CPU
		{25DF3F92-5BFD-469E-B446-241D92CF2E9C}.Debug|x86.ActiveCfg = Debug|Any CPU
		{25DF3F92-5BFD-469E-B446-241D92CF2E9C}.Debug|x86.Build.0 = Debug|Any CPU
		{25DF3F92-5BFD-469E-B446-241D92CF2E9C}.Release|Any CPU.ActiveCfg = Release|Any CPU
		{25DF3F92-5BFD-469E-B446-241D92CF2E9C}.Release|Any CPU.Build.0 = Release|Any CPU
		{25DF3F92-5BFD-469E-B446-241D92CF2E9C}.Release|x64.ActiveCfg = Release|Any CPU
		{25DF3F92-5BFD-469E-B446-241D92CF2E9C}.Release|x64.Build.0 = Release|Any CPU
		{25DF3F92-5BFD-469E-B446-241D92CF2E9C}.Release|x86.ActiveCfg = Release|Any CPU
		{25DF3F92-5BFD-469E-B446-241D92CF2E9C}.Release|x86.Build.0 = Release|Any CPU
	EndGlobalSection
	GlobalSection(NestedProjects) = preSolution
		{92321F3E-8CDE-42A8-B1CA-92AC1CCE55BD} = {7E41BD03-E8CC-462F-8CF2-7762EC451E0B}
		{25DF3F92-5BFD-469E-B446-241D92CF2E9C} = {1D46620E-A9A2-405B-A057-0C5430BD6A10}
	EndGlobalSection
EndGlobal
